// !$*UTF8*$!
{
	archiveVersion = 1;
	classes = {
	};
	objectVersion = 50;
	objects = {

/* Begin PBXBuildFile section */
		A320D8AA23166A7100AE568A /* DoctorModel.swift in Sources */ = {isa = PBXBuildFile; fileRef = A320D8A923166A7100AE568A /* DoctorModel.swift */; };
		A320D8AC23166B0900AE568A /* DoctorViewModel.swift in Sources */ = {isa = PBXBuildFile; fileRef = A320D8AB23166B0900AE568A /* DoctorViewModel.swift */; };
		A320D8AF23166BB200AE568A /* DoctorTableViewCell.swift in Sources */ = {isa = PBXBuildFile; fileRef = A320D8AE23166BB200AE568A /* DoctorTableViewCell.swift */; };
		A320D8B123166C3C00AE568A /* DoctorTableViewCell.xib in Resources */ = {isa = PBXBuildFile; fileRef = A320D8B023166C3C00AE568A /* DoctorTableViewCell.xib */; };
		A320D8B42316D74D00AE568A /* chat.png in Resources */ = {isa = PBXBuildFile; fileRef = A320D8B32316D74D00AE568A /* chat.png */; };
		A320D8B62316E26500AE568A /* avatar.png in Resources */ = {isa = PBXBuildFile; fileRef = A320D8B52316E26500AE568A /* avatar.png */; };
		A320D8B82316E35700AE568A /* inbox.png in Resources */ = {isa = PBXBuildFile; fileRef = A320D8B72316E35700AE568A /* inbox.png */; };
		A320D8BC2316EC5800AE568A /* doctor.jpg in Resources */ = {isa = PBXBuildFile; fileRef = A320D8BB2316EC5800AE568A /* doctor.jpg */; };
		A320D8BE2316ED5E00AE568A /* more.png in Resources */ = {isa = PBXBuildFile; fileRef = A320D8BD2316ED5E00AE568A /* more.png */; };
		A321140D23153D5F00342E8F /* AppDelegate.swift in Sources */ = {isa = PBXBuildFile; fileRef = A321140C23153D5F00342E8F /* AppDelegate.swift */; };
		A321140F23153D5F00342E8F /* ViewController.swift in Sources */ = {isa = PBXBuildFile; fileRef = A321140E23153D5F00342E8F /* ViewController.swift */; };
		A321141223153D5F00342E8F /* Main.storyboard in Resources */ = {isa = PBXBuildFile; fileRef = A321141023153D5F00342E8F /* Main.storyboard */; };
		A321141423153D6000342E8F /* Assets.xcassets in Resources */ = {isa = PBXBuildFile; fileRef = A321141323153D6000342E8F /* Assets.xcassets */; };
		A321141723153D6000342E8F /* LaunchScreen.storyboard in Resources */ = {isa = PBXBuildFile; fileRef = A321141523153D6000342E8F /* LaunchScreen.storyboard */; };
		A321141F23153DFC00342E8F /* DoctorData.json in Resources */ = {isa = PBXBuildFile; fileRef = A321141E23153DFC00342E8F /* DoctorData.json */; };
		A3652A66231B6A64000D3908 /* logo-square.png in Resources */ = {isa = PBXBuildFile; fileRef = A3652A65231B6A64000D3908 /* logo-square.png */; };
		A37139DB23192C9F00B15D8F /* menu.png in Resources */ = {isa = PBXBuildFile; fileRef = A37139DA23192C9F00B15D8F /* menu.png */; };
		A37139DD231979DD00B15D8F /* back.png in Resources */ = {isa = PBXBuildFile; fileRef = A37139DC231979DD00B15D8F /* back.png */; };
		A37139DF2319906C00B15D8F /* HamburgerViewController.swift in Sources */ = {isa = PBXBuildFile; fileRef = A37139DE2319906C00B15D8F /* HamburgerViewController.swift */; };
		A37139E12319959F00B15D8F /* search.png in Resources */ = {isa = PBXBuildFile; fileRef = A37139E02319959E00B15D8F /* search.png */; };
		A3CDBF2123180B5000C793AC /* SpecialityData.json in Resources */ = {isa = PBXBuildFile; fileRef = A3CDBF2023180B5000C793AC /* SpecialityData.json */; };
		A3CDBF2423183F1D00C793AC /* SpecialityViewController.swift in Sources */ = {isa = PBXBuildFile; fileRef = A3CDBF2323183F1D00C793AC /* SpecialityViewController.swift */; };
		A3CDBF262318402E00C793AC /* SpecialityTableViewCell.xib in Resources */ = {isa = PBXBuildFile; fileRef = A3CDBF252318402E00C793AC /* SpecialityTableViewCell.xib */; };
		A3CDBF2A2318410800C793AC /* SpecialityTableViewCell.swift in Sources */ = {isa = PBXBuildFile; fileRef = A3CDBF292318410800C793AC /* SpecialityTableViewCell.swift */; };
		A3CDBF2C231841CA00C793AC /* SpecialityModel.swift in Sources */ = {isa = PBXBuildFile; fileRef = A3CDBF2B231841CA00C793AC /* SpecialityModel.swift */; };
		A3CDBF2E2318427300C793AC /* SpecialityViewModel.swift in Sources */ = {isa = PBXBuildFile; fileRef = A3CDBF2D2318427300C793AC /* SpecialityViewModel.swift */; };
/* End PBXBuildFile section */

/* Begin PBXFileReference section */
		A320D8A923166A7100AE568A /* DoctorModel.swift */ = {isa = PBXFileReference; lastKnownFileType = sourcecode.swift; path = DoctorModel.swift; sourceTree = "<group>"; };
		A320D8AB23166B0900AE568A /* DoctorViewModel.swift */ = {isa = PBXFileReference; lastKnownFileType = sourcecode.swift; path = DoctorViewModel.swift; sourceTree = "<group>"; };
		A320D8AE23166BB200AE568A /* DoctorTableViewCell.swift */ = {isa = PBXFileReference; lastKnownFileType = sourcecode.swift; path = DoctorTableViewCell.swift; sourceTree = "<group>"; };
		A320D8B023166C3C00AE568A /* DoctorTableViewCell.xib */ = {isa = PBXFileReference; lastKnownFileType = file.xib; path = DoctorTableViewCell.xib; sourceTree = "<group>"; };
		A320D8B32316D74D00AE568A /* chat.png */ = {isa = PBXFileReference; lastKnownFileType = image.png; path = chat.png; sourceTree = "<group>"; };
		A320D8B52316E26500AE568A /* avatar.png */ = {isa = PBXFileReference; lastKnownFileType = image.png; path = avatar.png; sourceTree = "<group>"; };
		A320D8B72316E35700AE568A /* inbox.png */ = {isa = PBXFileReference; lastKnownFileType = image.png; path = inbox.png; sourceTree = "<group>"; };
		A320D8BB2316EC5800AE568A /* doctor.jpg */ = {isa = PBXFileReference; lastKnownFileType = image.jpeg; path = doctor.jpg; sourceTree = "<group>"; };
		A320D8BD2316ED5E00AE568A /* more.png */ = {isa = PBXFileReference; lastKnownFileType = image.png; path = more.png; sourceTree = "<group>"; };
		A321140923153D5F00342E8F /* alodokter.app */ = {isa = PBXFileReference; explicitFileType = wrapper.application; includeInIndex = 0; path = alodokter.app; sourceTree = BUILT_PRODUCTS_DIR; };
		A321140C23153D5F00342E8F /* AppDelegate.swift */ = {isa = PBXFileReference; lastKnownFileType = sourcecode.swift; path = AppDelegate.swift; sourceTree = "<group>"; };
		A321140E23153D5F00342E8F /* ViewController.swift */ = {isa = PBXFileReference; lastKnownFileType = sourcecode.swift; path = ViewController.swift; sourceTree = "<group>"; };
		A321141123153D5F00342E8F /* Base */ = {isa = PBXFileReference; lastKnownFileType = file.storyboard; name = Base; path = Base.lproj/Main.storyboard; sourceTree = "<group>"; };
		A321141323153D6000342E8F /* Assets.xcassets */ = {isa = PBXFileReference; lastKnownFileType = folder.assetcatalog; path = Assets.xcassets; sourceTree = "<group>"; };
		A321141623153D6000342E8F /* Base */ = {isa = PBXFileReference; lastKnownFileType = file.storyboard; name = Base; path = Base.lproj/LaunchScreen.storyboard; sourceTree = "<group>"; };
		A321141823153D6000342E8F /* Info.plist */ = {isa = PBXFileReference; lastKnownFileType = text.plist.xml; path = Info.plist; sourceTree = "<group>"; };
		A321141E23153DFC00342E8F /* DoctorData.json */ = {isa = PBXFileReference; fileEncoding = 4; lastKnownFileType = text.json; path = DoctorData.json; sourceTree = "<group>"; };
		A3652A65231B6A64000D3908 /* logo-square.png */ = {isa = PBXFileReference; lastKnownFileType = image.png; path = "logo-square.png"; sourceTree = "<group>"; };
		A37139DA23192C9F00B15D8F /* menu.png */ = {isa = PBXFileReference; lastKnownFileType = image.png; path = menu.png; sourceTree = "<group>"; };
		A37139DC231979DD00B15D8F /* back.png */ = {isa = PBXFileReference; lastKnownFileType = image.png; path = back.png; sourceTree = "<group>"; };
		A37139DE2319906C00B15D8F /* HamburgerViewController.swift */ = {isa = PBXFileReference; lastKnownFileType = sourcecode.swift; path = HamburgerViewController.swift; sourceTree = "<group>"; };
		A37139E02319959E00B15D8F /* search.png */ = {isa = PBXFileReference; lastKnownFileType = image.png; path = search.png; sourceTree = "<group>"; };
		A3CDBF2023180B5000C793AC /* SpecialityData.json */ = {isa = PBXFileReference; fileEncoding = 4; lastKnownFileType = text.json; path = SpecialityData.json; sourceTree = "<group>"; };
		A3CDBF2323183F1D00C793AC /* SpecialityViewController.swift */ = {isa = PBXFileReference; lastKnownFileType = sourcecode.swift; path = SpecialityViewController.swift; sourceTree = "<group>"; };
		A3CDBF252318402E00C793AC /* SpecialityTableViewCell.xib */ = {isa = PBXFileReference; lastKnownFileType = file.xib; path = SpecialityTableViewCell.xib; sourceTree = "<group>"; };
		A3CDBF292318410800C793AC /* SpecialityTableViewCell.swift */ = {isa = PBXFileReference; lastKnownFileType = sourcecode.swift; path = SpecialityTableViewCell.swift; sourceTree = "<group>"; };
		A3CDBF2B231841CA00C793AC /* SpecialityModel.swift */ = {isa = PBXFileReference; lastKnownFileType = sourcecode.swift; path = SpecialityModel.swift; sourceTree = "<group>"; };
		A3CDBF2D2318427300C793AC /* SpecialityViewModel.swift */ = {isa = PBXFileReference; lastKnownFileType = sourcecode.swift; path = SpecialityViewModel.swift; sourceTree = "<group>"; };
/* End PBXFileReference section */

/* Begin PBXFrameworksBuildPhase section */
		A321140623153D5F00342E8F /* Frameworks */ = {
			isa = PBXFrameworksBuildPhase;
			buildActionMask = 2147483647;
			files = (
			);
			runOnlyForDeploymentPostprocessing = 0;
		};
/* End PBXFrameworksBuildPhase section */

/* Begin PBXGroup section */
		A320D8A62316302800AE568A /* View */ = {
			isa = PBXGroup;
			children = (
				A3CDBF2223183E4200C793AC /* specialityCell */,
				A320D8AD23166B7900AE568A /* DoctorCell */,
				A321140E23153D5F00342E8F /* ViewController.swift */,
				A321141023153D5F00342E8F /* Main.storyboard */,
				A3CDBF2323183F1D00C793AC /* SpecialityViewController.swift */,
				A37139DE2319906C00B15D8F /* HamburgerViewController.swift */,
			);
			name = View;
			sourceTree = "<group>";
		};
		A320D8A72316303400AE568A /* Model */ = {
			isa = PBXGroup;
			children = (
				A320D8A923166A7100AE568A /* DoctorModel.swift */,
				A3CDBF2B231841CA00C793AC /* SpecialityModel.swift */,
			);
			path = Model;
			sourceTree = "<group>";
		};
		A320D8A82316305300AE568A /* ViewModel */ = {
			isa = PBXGroup;
			children = (
				A320D8AB23166B0900AE568A /* DoctorViewModel.swift */,
				A3CDBF2D2318427300C793AC /* SpecialityViewModel.swift */,
			);
			name = ViewModel;
			sourceTree = "<group>";
		};
		A320D8AD23166B7900AE568A /* DoctorCell */ = {
			isa = PBXGroup;
			children = (
				A320D8AE23166BB200AE568A /* DoctorTableViewCell.swift */,
				A320D8B023166C3C00AE568A /* DoctorTableViewCell.xib */,
			);
			path = DoctorCell;
			sourceTree = "<group>";
		};
		A320D8B22316D73A00AE568A /* Image */ = {
			isa = PBXGroup;
			children = (
				A3652A65231B6A64000D3908 /* logo-square.png */,
				A37139E02319959E00B15D8F /* search.png */,
				A37139DC231979DD00B15D8F /* back.png */,
				A37139DA23192C9F00B15D8F /* menu.png */,
				A320D8BD2316ED5E00AE568A /* more.png */,
				A320D8BB2316EC5800AE568A /* doctor.jpg */,
				A320D8B72316E35700AE568A /* inbox.png */,
				A320D8B52316E26500AE568A /* avatar.png */,
				A320D8B32316D74D00AE568A /* chat.png */,
			);
			path = Image;
			sourceTree = "<group>";
		};
		A321140023153D5F00342E8F = {
			isa = PBXGroup;
			children = (
				A321140B23153D5F00342E8F /* alodokter */,
				A321140A23153D5F00342E8F /* Products */,
			);
			sourceTree = "<group>";
		};
		A321140A23153D5F00342E8F /* Products */ = {
			isa = PBXGroup;
			children = (
				A321140923153D5F00342E8F /* alodokter.app */,
			);
			name = Products;
			sourceTree = "<group>";
		};
		A321140B23153D5F00342E8F /* alodokter */ = {
			isa = PBXGroup;
			children = (
				A320D8B22316D73A00AE568A /* Image */,
				A320D8A82316305300AE568A /* ViewModel */,
				A320D8A72316303400AE568A /* Model */,
				A320D8A62316302800AE568A /* View */,
				A321141E23153DFC00342E8F /* DoctorData.json */,
				A3CDBF2023180B5000C793AC /* SpecialityData.json */,
				A321140C23153D5F00342E8F /* AppDelegate.swift */,
				A321141323153D6000342E8F /* Assets.xcassets */,
				A321141523153D6000342E8F /* LaunchScreen.storyboard */,
				A321141823153D6000342E8F /* Info.plist */,
			);
			path = alodokter;
			sourceTree = "<group>";
		};
		A3CDBF2223183E4200C793AC /* specialityCell */ = {
			isa = PBXGroup;
			children = (
				A3CDBF252318402E00C793AC /* SpecialityTableViewCell.xib */,
				A3CDBF292318410800C793AC /* SpecialityTableViewCell.swift */,
			);
			path = specialityCell;
			sourceTree = "<group>";
		};
/* End PBXGroup section */

/* Begin PBXNativeTarget section */
		A321140823153D5F00342E8F /* alodokter */ = {
			isa = PBXNativeTarget;
			buildConfigurationList = A321141B23153D6000342E8F /* Build configuration list for PBXNativeTarget "alodokter" */;
			buildPhases = (
				A321140523153D5F00342E8F /* Sources */,
				A321140623153D5F00342E8F /* Frameworks */,
				A321140723153D5F00342E8F /* Resources */,
			);
			buildRules = (
			);
			dependencies = (
			);
			name = alodokter;
			productName = alodokter;
			productReference = A321140923153D5F00342E8F /* alodokter.app */;
			productType = "com.apple.product-type.application";
		};
/* End PBXNativeTarget section */

/* Begin PBXProject section */
		A321140123153D5F00342E8F /* Project object */ = {
			isa = PBXProject;
			attributes = {
				LastSwiftUpdateCheck = 1010;
				LastUpgradeCheck = 1010;
				ORGANIZATIONNAME = "Pius Edi Werda Pebriujianta";
				TargetAttributes = {
					A321140823153D5F00342E8F = {
						CreatedOnToolsVersion = 10.1;
					};
				};
			};
			buildConfigurationList = A321140423153D5F00342E8F /* Build configuration list for PBXProject "alodokter" */;
			compatibilityVersion = "Xcode 9.3";
			developmentRegion = en;
			hasScannedForEncodings = 0;
			knownRegions = (
				en,
				Base,
			);
			mainGroup = A321140023153D5F00342E8F;
			productRefGroup = A321140A23153D5F00342E8F /* Products */;
			projectDirPath = "";
			projectRoot = "";
			targets = (
				A321140823153D5F00342E8F /* alodokter */,
			);
		};
/* End PBXProject section */

/* Begin PBXResourcesBuildPhase section */
		A321140723153D5F00342E8F /* Resources */ = {
			isa = PBXResourcesBuildPhase;
			buildActionMask = 2147483647;
			files = (
				A321141F23153DFC00342E8F /* DoctorData.json in Resources */,
				A3652A66231B6A64000D3908 /* logo-square.png in Resources */,
				A320D8B62316E26500AE568A /* avatar.png in Resources */,
				A321141723153D6000342E8F /* LaunchScreen.storyboard in Resources */,
				A37139DB23192C9F00B15D8F /* menu.png in Resources */,
				A37139DD231979DD00B15D8F /* back.png in Resources */,
				A321141423153D6000342E8F /* Assets.xcassets in Resources */,
				A320D8BC2316EC5800AE568A /* doctor.jpg in Resources */,
				A320D8B82316E35700AE568A /* inbox.png in Resources */,
				A3CDBF262318402E00C793AC /* SpecialityTableViewCell.xib in Resources */,
				A320D8BE2316ED5E00AE568A /* more.png in Resources */,
				A37139E12319959F00B15D8F /* search.png in Resources */,
				A320D8B123166C3C00AE568A /* DoctorTableViewCell.xib in Resources */,
				A321141223153D5F00342E8F /* Main.storyboard in Resources */,
				A3CDBF2123180B5000C793AC /* SpecialityData.json in Resources */,
				A320D8B42316D74D00AE568A /* chat.png in Resources */,
			);
			runOnlyForDeploymentPostprocessing = 0;
		};
/* End PBXResourcesBuildPhase section */

/* Begin PBXSourcesBuildPhase section */
		A321140523153D5F00342E8F /* Sources */ = {
			isa = PBXSourcesBuildPhase;
			buildActionMask = 2147483647;
			files = (
				A3CDBF2C231841CA00C793AC /* SpecialityModel.swift in Sources */,
				A3CDBF2A2318410800C793AC /* SpecialityTableViewCell.swift in Sources */,
				A320D8AA23166A7100AE568A /* DoctorModel.swift in Sources */,
				A321140F23153D5F00342E8F /* ViewController.swift in Sources */,
				A320D8AC23166B0900AE568A /* DoctorViewModel.swift in Sources */,
				A321140D23153D5F00342E8F /* AppDelegate.swift in Sources */,
				A320D8AF23166BB200AE568A /* DoctorTableViewCell.swift in Sources */,
				A3CDBF2423183F1D00C793AC /* SpecialityViewController.swift in Sources */,
				A37139DF2319906C00B15D8F /* HamburgerViewController.swift in Sources */,
				A3CDBF2E2318427300C793AC /* SpecialityViewModel.swift in Sources */,
			);
			runOnlyForDeploymentPostprocessing = 0;
		};
/* End PBXSourcesBuildPhase section */

/* Begin PBXVariantGroup section */
		A321141023153D5F00342E8F /* Main.storyboard */ = {
			isa = PBXVariantGroup;
			children = (
				A321141123153D5F00342E8F /* Base */,
			);
			name = Main.storyboard;
			sourceTree = "<group>";
		};
		A321141523153D6000342E8F /* LaunchScreen.storyboard */ = {
			isa = PBXVariantGroup;
			children = (
				A321141623153D6000342E8F /* Base */,
			);
			name = LaunchScreen.storyboard;
			sourceTree = "<group>";
		};
/* End PBXVariantGroup section */

/* Begin XCBuildConfiguration section */
		A321141923153D6000342E8F /* Debug */ = {
			isa = XCBuildConfiguration;
			buildSettings = {
				ALWAYS_SEARCH_USER_PATHS = NO;
				CLANG_ANALYZER_NONNULL = YES;
				CLANG_ANALYZER_NUMBER_OBJECT_CONVERSION = YES_AGGRESSIVE;
				CLANG_CXX_LANGUAGE_STANDARD = "gnu++14";
				CLANG_CXX_LIBRARY = "libc++";
				CLANG_ENABLE_MODULES = YES;
				CLANG_ENABLE_OBJC_ARC = YES;
				CLANG_ENABLE_OBJC_WEAK = YES;
				CLANG_WARN_BLOCK_CAPTURE_AUTORELEASING = YES;
				CLANG_WARN_BOOL_CONVERSION = YES;
				CLANG_WARN_COMMA = YES;
				CLANG_WARN_CONSTANT_CONVERSION = YES;
				CLANG_WARN_DEPRECATED_OBJC_IMPLEMENTATIONS = YES;
				CLANG_WARN_DIRECT_OBJC_ISA_USAGE = YES_ERROR;
				CLANG_WARN_DOCUMENTATION_COMMENTS = YES;
				CLANG_WARN_EMPTY_BODY = YES;
				CLANG_WARN_ENUM_CONVERSION = YES;
				CLANG_WARN_INFINITE_RECURSION = YES;
				CLANG_WARN_INT_CONVERSION = YES;
				CLANG_WARN_NON_LITERAL_NULL_CONVERSION = YES;
				CLANG_WARN_OBJC_IMPLICIT_RETAIN_SELF = YES;
				CLANG_WARN_OBJC_LITERAL_CONVERSION = YES;
				CLANG_WARN_OBJC_ROOT_CLASS = YES_ERROR;
				CLANG_WARN_RANGE_LOOP_ANALYSIS = YES;
				CLANG_WARN_STRICT_PROTOTYPES = YES;
				CLANG_WARN_SUSPICIOUS_MOVE = YES;
				CLANG_WARN_UNGUARDED_AVAILABILITY = YES_AGGRESSIVE;
				CLANG_WARN_UNREACHABLE_CODE = YES;
				CLANG_WARN__DUPLICATE_METHOD_MATCH = YES;
				CODE_SIGN_IDENTITY = "iPhone Developer";
				COPY_PHASE_STRIP = NO;
				DEBUG_INFORMATION_FORMAT = dwarf;
				ENABLE_STRICT_OBJC_MSGSEND = YES;
				ENABLE_TESTABILITY = YES;
				GCC_C_LANGUAGE_STANDARD = gnu11;
				GCC_DYNAMIC_NO_PIC = NO;
				GCC_NO_COMMON_BLOCKS = YES;
				GCC_OPTIMIZATION_LEVEL = 0;
				GCC_PREPROCESSOR_DEFINITIONS = (
					"DEBUG=1",
					"$(inherited)",
				);
				GCC_WARN_64_TO_32_BIT_CONVERSION = YES;
				GCC_WARN_ABOUT_RETURN_TYPE = YES_ERROR;
				GCC_WARN_UNDECLARED_SELECTOR = YES;
				GCC_WARN_UNINITIALIZED_AUTOS = YES_AGGRESSIVE;
				GCC_WARN_UNUSED_FUNCTION = YES;
				GCC_WARN_UNUSED_VARIABLE = YES;
				IPHONEOS_DEPLOYMENT_TARGET = 12.1;
				MTL_ENABLE_DEBUG_INFO = INCLUDE_SOURCE;
				MTL_FAST_MATH = YES;
				ONLY_ACTIVE_ARCH = YES;
				SDKROOT = iphoneos;
				SWIFT_ACTIVE_COMPILATION_CONDITIONS = DEBUG;
				SWIFT_OPTIMIZATION_LEVEL = "-Onone";
			};
			name = Debug;
		};
		A321141A23153D6000342E8F /* Release */ = {
			isa = XCBuildConfiguration;
			buildSettings = {
				ALWAYS_SEARCH_USER_PATHS = NO;
				CLANG_ANALYZER_NONNULL = YES;
				CLANG_ANALYZER_NUMBER_OBJECT_CONVERSION = YES_AGGRESSIVE;
				CLANG_CXX_LANGUAGE_STANDARD = "gnu++14";
				CLANG_CXX_LIBRARY = "libc++";
				CLANG_ENABLE_MODULES = YES;
				CLANG_ENABLE_OBJC_ARC = YES;
				CLANG_ENABLE_OBJC_WEAK = YES;
				CLANG_WARN_BLOCK_CAPTURE_AUTORELEASING = YES;
				CLANG_WARN_BOOL_CONVERSION = YES;
				CLANG_WARN_COMMA = YES;
				CLANG_WARN_CONSTANT_CONVERSION = YES;
				CLANG_WARN_DEPRECATED_OBJC_IMPLEMENTATIONS = YES;
				CLANG_WARN_DIRECT_OBJC_ISA_USAGE = YES_ERROR;
				CLANG_WARN_DOCUMENTATION_COMMENTS = YES;
				CLANG_WARN_EMPTY_BODY = YES;
				CLANG_WARN_ENUM_CONVERSION = YES;
				CLANG_WARN_INFINITE_RECURSION = YES;
				CLANG_WARN_INT_CONVERSION = YES;
				CLANG_WARN_NON_LITERAL_NULL_CONVERSION = YES;
				CLANG_WARN_OBJC_IMPLICIT_RETAIN_SELF = YES;
				CLANG_WARN_OBJC_LITERAL_CONVERSION = YES;
				CLANG_WARN_OBJC_ROOT_CLASS = YES_ERROR;
				CLANG_WARN_RANGE_LOOP_ANALYSIS = YES;
				CLANG_WARN_STRICT_PROTOTYPES = YES;
				CLANG_WARN_SUSPICIOUS_MOVE = YES;
				CLANG_WARN_UNGUARDED_AVAILABILITY = YES_AGGRESSIVE;
				CLANG_WARN_UNREACHABLE_CODE = YES;
				CLANG_WARN__DUPLICATE_METHOD_MATCH = YES;
				CODE_SIGN_IDENTITY = "iPhone Developer";
				COPY_PHASE_STRIP = NO;
				DEBUG_INFORMATION_FORMAT = "dwarf-with-dsym";
				ENABLE_NS_ASSERTIONS = NO;
				ENABLE_STRICT_OBJC_MSGSEND = YES;
				GCC_C_LANGUAGE_STANDARD = gnu11;
				GCC_NO_COMMON_BLOCKS = YES;
				GCC_WARN_64_TO_32_BIT_CONVERSION = YES;
				GCC_WARN_ABOUT_RETURN_TYPE = YES_ERROR;
				GCC_WARN_UNDECLARED_SELECTOR = YES;
				GCC_WARN_UNINITIALIZED_AUTOS = YES_AGGRESSIVE;
				GCC_WARN_UNUSED_FUNCTION = YES;
				GCC_WARN_UNUSED_VARIABLE = YES;
				IPHONEOS_DEPLOYMENT_TARGET = 12.1;
				MTL_ENABLE_DEBUG_INFO = NO;
				MTL_FAST_MATH = YES;
				SDKROOT = iphoneos;
				SWIFT_COMPILATION_MODE = wholemodule;
				SWIFT_OPTIMIZATION_LEVEL = "-O";
				VALIDATE_PRODUCT = YES;
			};
			name = Release;
		};
		A321141C23153D6000342E8F /* Debug */ = {
			isa = XCBuildConfiguration;
			buildSettings = {
				ASSETCATALOG_COMPILER_APPICON_NAME = AppIcon;
				CODE_SIGN_STYLE = Automatic;
				INFOPLIST_FILE = alodokter/Info.plist;
				LD_RUNPATH_SEARCH_PATHS = (
					"$(inherited)",
					"@executable_path/Frameworks",
				);
				PRODUCT_BUNDLE_IDENTIFIER = piusedi.alodokter;
				PRODUCT_NAME = "$(TARGET_NAME)";
				SWIFT_VERSION = 4.2;
				TARGETED_DEVICE_FAMILY = "1,2";
			};
			name = Debug;
		};
		A321141D23153D6000342E8F /* Release */ = {
			isa = XCBuildConfiguration;
			buildSettings = {
				ASSETCATALOG_COMPILER_APPICON_NAME = AppIcon;
				CODE_SIGN_STYLE = Automatic;
				INFOPLIST_FILE = alodokter/Info.plist;
				LD_RUNPATH_SEARCH_PATHS = (
					"$(inherited)",
					"@executable_path/Frameworks",
				);
				PRODUCT_BUNDLE_IDENTIFIER = piusedi.alodokter;
				PRODUCT_NAME = "$(TARGET_NAME)";
				SWIFT_VERSION = 4.2;
				TARGETED_DEVICE_FAMILY = "1,2";
			};
			name = Release;
		};
/* End XCBuildConfiguration section */

/* Begin XCConfigurationList section */
		A321140423153D5F00342E8F /* Build configuration list for PBXProject "alodokter" */ = {
			isa = XCConfigurationList;
			buildConfigurations = (
				A321141923153D6000342E8F /* Debug */,
				A321141A23153D6000342E8F /* Release */,
			);
			defaultConfigurationIsVisible = 0;
			defaultConfigurationName = Release;
		};
		A321141B23153D6000342E8F /* Build configuration list for PBXNativeTarget "alodokter" */ = {
			isa = XCConfigurationList;
			buildConfigurations = (
				A321141C23153D6000342E8F /* Debug */,
				A321141D23153D6000342E8F /* Release */,
			);
			defaultConfigurationIsVisible = 0;
			defaultConfigurationName = Release;
		};
/* End XCConfigurationList section */
	};
	rootObject = A321140123153D5F00342E8F /* Project object */;
}
